
Microsoft Visual Studio Solution File, Format Version 12.00
# Visual Studio Version 17
VisualStudioVersion = 17.14.36127.28 d17.14
MinimumVisualStudioVersion = 10.0.40219.1
Project("{FAE04EC0-301F-11D3-BF4B-00C04F79EFBC}") = "SmartDrop", "SmartDrop\SmartDrop.csproj", "{48A6DEA6-B823-40C2-910A-2D53484E329E}"
EndProject
Global
	GlobalSection(SolutionConfigurationPlatforms) = preSolution
		Debug|Any CPU = Debug|Any CPU
		Release|Any CPU = Release|Any CPU
	EndGlobalSection
	GlobalSection(ProjectConfigurationPlatforms) = postSolution
		{48A6DEA6-B823-40C2-910A-2D53484E329E}.Debug|Any CPU.ActiveCfg = Debug|Any CPU
		{48A6DEA6-B823-40C2-910A-2D53484E329E}.Debug|Any CPU.Build.0 = Debug|Any CPU
		{48A6DEA6-B823-40C2-910A-2D53484E329E}.Release|Any CPU.ActiveCfg = Release|Any CPU
		{48A6DEA6-B823-40C2-910A-2D53484E329E}.Release|Any CPU.Build.0 = Release|Any CPU
	EndGlobalSection
	GlobalSection(SolutionProperties) = preSolution
		HideSolutionNode = FALSE
	EndGlobalSection
	GlobalSection(ExtensibilityGlobals) = postSolution
		SolutionGuid = {F98BCF72-4121-443E-8818-BAA05921E9E8}
	EndGlobalSection
EndGlobal
